
Microsoft Visual Studio Solution File, Format Version 12.00
# Visual Studio 15
VisualStudioVersion = 15.0.28307.136
MinimumVisualStudioVersion = 10.0.40219.1
Project("{8BC9CEB8-8B4A-11D0-8D11-00A0C91BC942}") = "Tools", "Tools\Tools.vcxproj", "{0EADCF62-166D-4567-A922-D46E9428C1CA}"
EndProject
Project("{2150E333-8FDC-42A3-9474-1A3956D46DE8}") = "Solution Items", "Solution Items", "{2C6A23FC-6825-43C9-8F7D-8786AAC0851D}"
	ProjectSection(SolutionItems) = preProject
		README.md = README.md
	EndProjectSection
EndProject
Project("{8BC9CEB8-8B4A-11D0-8D11-00A0C91BC942}") = "GameHost", "GameHost\GameHost.vcxproj", "{777C453A-496B-4D5C-93E2-DA0443123097}"
EndProject
Project("{8BC9CEB8-8B4A-11D0-8D11-00A0C91BC942}") = "Actinidia", "Actinidia\Actinidia.vcxproj", "{8DA7A835-78A2-4703-973A-1A9C5946C58B}"
EndProject
Global
	GlobalSection(SolutionConfigurationPlatforms) = preSolution
		Debug|ARM = Debug|ARM
		Debug|ARM64 = Debug|ARM64
		Debug|x64 = Debug|x64
		Debug|x86 = Debug|x86
		Release|ARM = Release|ARM
		Release|ARM64 = Release|ARM64
		Release|x64 = Release|x64
		Release|x86 = Release|x86
	EndGlobalSection
	GlobalSection(ProjectConfigurationPlatforms) = postSolution
		{0EADCF62-166D-4567-A922-D46E9428C1CA}.Debug|ARM.ActiveCfg = Debug|Win32
		{0EADCF62-166D-4567-A922-D46E9428C1CA}.Debug|ARM64.ActiveCfg = Debug|Win32
		{0EADCF62-166D-4567-A922-D46E9428C1CA}.Debug|x64.ActiveCfg = Debug|x64
		{0EADCF62-166D-4567-A922-D46E9428C1CA}.Debug|x64.Build.0 = Debug|x64
		{0EADCF62-166D-4567-A922-D46E9428C1CA}.Debug|x86.ActiveCfg = Debug|Win32
		{0EADCF62-166D-4567-A922-D46E9428C1CA}.Debug|x86.Build.0 = Debug|Win32
		{0EADCF62-166D-4567-A922-D46E9428C1CA}.Release|ARM.ActiveCfg = Release|Win32
		{0EADCF62-166D-4567-A922-D46E9428C1CA}.Release|ARM64.ActiveCfg = Release|Win32
		{0EADCF62-166D-4567-A922-D46E9428C1CA}.Release|x64.ActiveCfg = Release|x64
		{0EADCF62-166D-4567-A922-D46E9428C1CA}.Release|x64.Build.0 = Release|x64
		{0EADCF62-166D-4567-A922-D46E9428C1CA}.Release|x86.ActiveCfg = Release|Win32
		{0EADCF62-166D-4567-A922-D46E9428C1CA}.Release|x86.Build.0 = Release|Win32
		{777C453A-496B-4D5C-93E2-DA0443123097}.Debug|ARM.ActiveCfg = Debug|ARM
		{777C453A-496B-4D5C-93E2-DA0443123097}.Debug|ARM.Build.0 = Debug|ARM
		{777C453A-496B-4D5C-93E2-DA0443123097}.Debug|ARM.Deploy.0 = Debug|ARM
		{777C453A-496B-4D5C-93E2-DA0443123097}.Debug|ARM64.ActiveCfg = Debug|Win32
		{777C453A-496B-4D5C-93E2-DA0443123097}.Debug|x64.ActiveCfg = Debug|x64
		{777C453A-496B-4D5C-93E2-DA0443123097}.Debug|x64.Build.0 = Debug|x64
		{777C453A-496B-4D5C-93E2-DA0443123097}.Debug|x64.Deploy.0 = Debug|x64
		{777C453A-496B-4D5C-93E2-DA0443123097}.Debug|x86.ActiveCfg = Debug|Win32
		{777C453A-496B-4D5C-93E2-DA0443123097}.Debug|x86.Build.0 = Debug|Win32
		{777C453A-496B-4D5C-93E2-DA0443123097}.Debug|x86.Deploy.0 = Debug|Win32
		{777C453A-496B-4D5C-93E2-DA0443123097}.Release|ARM.ActiveCfg = Release|ARM
		{777C453A-496B-4D5C-93E2-DA0443123097}.Release|ARM.Build.0 = Release|ARM
		{777C453A-496B-4D5C-93E2-DA0443123097}.Release|ARM.Deploy.0 = Release|ARM
		{777C453A-496B-4D5C-93E2-DA0443123097}.Release|ARM64.ActiveCfg = Release|Win32
		{777C453A-496B-4D5C-93E2-DA0443123097}.Release|x64.ActiveCfg = Release|x64
		{777C453A-496B-4D5C-93E2-DA0443123097}.Release|x64.Build.0 = Release|x64
		{777C453A-496B-4D5C-93E2-DA0443123097}.Release|x64.Deploy.0 = Release|x64
		{777C453A-496B-4D5C-93E2-DA0443123097}.Release|x86.ActiveCfg = Release|Win32
		{777C453A-496B-4D5C-93E2-DA0443123097}.Release|x86.Build.0 = Release|Win32
		{777C453A-496B-4D5C-93E2-DA0443123097}.Release|x86.Deploy.0 = Release|Win32
		{8DA7A835-78A2-4703-973A-1A9C5946C58B}.Debug|ARM.ActiveCfg = Debug|Win32
		{8DA7A835-78A2-4703-973A-1A9C5946C58B}.Debug|ARM64.ActiveCfg = Debug|Win32
		{8DA7A835-78A2-4703-973A-1A9C5946C58B}.Debug|x64.ActiveCfg = Debug|x64
		{8DA7A835-78A2-4703-973A-1A9C5946C58B}.Debug|x64.Build.0 = Debug|x64
		{8DA7A835-78A2-4703-973A-1A9C5946C58B}.Debug|x86.ActiveCfg = Debug|Win32
		{8DA7A835-78A2-4703-973A-1A9C5946C58B}.Debug|x86.Build.0 = Debug|Win32
		{8DA7A835-78A2-4703-973A-1A9C5946C58B}.Release|ARM.ActiveCfg = Release|Win32
		{8DA7A835-78A2-4703-973A-1A9C5946C58B}.Release|ARM64.ActiveCfg = Release|Win32
		{8DA7A835-78A2-4703-973A-1A9C5946C58B}.Release|x64.ActiveCfg = Release|x64
		{8DA7A835-78A2-4703-973A-1A9C5946C58B}.Release|x64.Build.0 = Release|x64
		{8DA7A835-78A2-4703-973A-1A9C5946C58B}.Release|x86.ActiveCfg = Release|Win32
		{8DA7A835-78A2-4703-973A-1A9C5946C58B}.Release|x86.Build.0 = Release|Win32
	EndGlobalSection
	GlobalSection(SolutionProperties) = preSolution
		HideSolutionNode = FALSE
	EndGlobalSection
	GlobalSection(ExtensibilityGlobals) = postSolution
		SolutionGuid = {3755CCC6-1550-4F68-997F-74C8F4AA0797}
	EndGlobalSection
EndGlobal
