<?xml version="1.0" encoding="utf-8"?>
<Project ToolsVersion="4.0" xmlns="http://schemas.microsoft.com/developer/msbuild/2003">
  <ItemGroup>
    <Filter Include="通用">
      <UniqueIdentifier>b03b1b68-b50b-45d2-aa0a-6e9ef008eb21</UniqueIdentifier>
    </Filter>
    <Filter Include="资产">
      <UniqueIdentifier>e908bb2d-0e23-41b7-9ca3-6c3c625a692f</UniqueIdentifier>
      <Extensions>bmp;fbx;gif;jpg;jpeg;tga;tiff;tif;png</Extensions>
    </Filter>
    <Filter Include="内容">
      <UniqueIdentifier>3691f3f2-468f-4860-a452-0a73f4a5eb58</UniqueIdentifier>
    </Filter>
    <ClInclude Include="Common\DirectXHelper.h">
      <Filter>通用</Filter>
    </ClInclude>
    <ClInclude Include="Common\StepTimer.h">
      <Filter>通用</Filter>
    </ClInclude>
    <ClInclude Include="Common\DeviceResources.h">
      <Filter>通用</Filter>
    </ClInclude>
    <ClCompile Include="Common\DeviceResources.cpp">
      <Filter>通用</Filter>
    </ClCompile>
    <ClInclude Include="Content\Sample3DSceneRenderer.h">
      <Filter>内容</Filter>
    </ClInclude>
    <ClInclude Include="Content\SampleFpsTextRenderer.h">
      <Filter>内容</Filter>
    </ClInclude>
    <ClInclude Include="Content\ShaderStructures.h">
      <Filter>内容</Filter>
    </ClInclude>
    <ClCompile Include="Content\Sample3DSceneRenderer.cpp">
      <Filter>内容</Filter>
    </ClCompile>
    <ClCompile Include="Content\SampleFpsTextRenderer.cpp">
      <Filter>内容</Filter>
    </ClCompile>
    <FxCompile Include="Content\SamplePixelShader.hlsl">
      <Filter>内容</Filter>
    </FxCompile>
    <FxCompile Include="Content\SampleVertexShader.hlsl">
      <Filter>内容</Filter>
    </FxCompile>
    <Image Include="Assets\LockScreenLogo.scale-200.png">
      <Filter>资产</Filter>
    </Image>
    <Image Include="Assets\SplashScreen.scale-200.png">
      <Filter>资产</Filter>
    </Image>
    <Image Include="Assets\Square150x150Logo.scale-200.png">
      <Filter>资产</Filter>
    </Image>
    <Image Include="Assets\Square44x44Logo.scale-200.png">
      <Filter>资产</Filter>
    </Image>
    <Image Include="Assets\Square44x44Logo.targetsize-24_altform-unplated.png">
      <Filter>资产</Filter>
    </Image>
    <Image Include="Assets\Wide310x150Logo.scale-200.png">
      <Filter>资产</Filter>
    </Image>
  </ItemGroup>
  <ItemGroup>
    <ApplicationDefinition Include="App.xaml" />
  </ItemGroup>
  <ItemGroup>
    <ClCompile Include="App.xaml.cpp" />
    <ClCompile Include="HostMain.cpp" />
    <ClCompile Include="DirectXPage.xaml.cpp" />
    <ClCompile Include="pch.cpp" />
  </ItemGroup>
  <ItemGroup>
    <ClInclude Include="App.xaml.h" />
    <ClInclude Include="HostMain.h" />
    <ClInclude Include="DirectXPage.xaml.h" />
    <ClInclude Include="pch.h" />
  </ItemGroup>
  <ItemGroup>
    <Image Include="Assets\StoreLogo.png">
      <Filter>资产</Filter>
    </Image>
  </ItemGroup>
  <ItemGroup>
    <AppxManifest Include="Package.appxmanifest" />
  </ItemGroup>
  <ItemGroup>
    <None Include="Host_TemporaryKey.pfx" />
    <None Include="README.md" />
  </ItemGroup>
  <ItemGroup>
    <Page Include="DirectXPage.xaml" />
  </ItemGroup>
</Project>