<?xml version="1.0" encoding="utf-8"?>
<Project ToolsVersion="4.0" xmlns="http://schemas.microsoft.com/developer/msbuild/2003">
  <ItemGroup>
    <Filter Include="源文件">
      <UniqueIdentifier>{4FC737F1-C7A5-4376-A066-2A32D752A2FF}</UniqueIdentifier>
      <Extensions>cpp;c;cc;cxx;def;odl;idl;hpj;bat;asm;asmx</Extensions>
    </Filter>
    <Filter Include="头文件">
      <UniqueIdentifier>{93995380-89BD-4b04-88EB-625FBE52EBFB}</UniqueIdentifier>
      <Extensions>h;hh;hpp;hxx;hm;inl;inc;ipp;xsd</Extensions>
    </Filter>
    <Filter Include="资源文件">
      <UniqueIdentifier>{67DA6AB6-F800-4c08-8B7A-83BB121AAD01}</UniqueIdentifier>
      <Extensions>rc;ico;cur;bmp;dlg;rc2;rct;bin;rgs;gif;jpg;jpeg;jpe;resx;tiff;tif;png;wav;mfcribbon-ms</Extensions>
    </Filter>
    <Filter Include="libjpeg">
      <UniqueIdentifier>{622b4567-ca1d-46e1-93cb-e223e305ad3d}</UniqueIdentifier>
    </Filter>
    <Filter Include="libpng">
      <UniqueIdentifier>{3d420f6c-f205-4a6c-ad17-bf5d448d5ebe}</UniqueIdentifier>
    </Filter>
    <Filter Include="zlib">
      <UniqueIdentifier>{929664cd-691b-412c-9be1-d745880b6474}</UniqueIdentifier>
    </Filter>
    <Filter Include="Common">
      <UniqueIdentifier>{186a8d99-6d68-44c9-a7f1-b308f9ef6720}</UniqueIdentifier>
    </Filter>
    <Filter Include="Snake">
      <UniqueIdentifier>{646a292b-1e91-43a5-80e1-4bf779e5582f}</UniqueIdentifier>
    </Filter>
  </ItemGroup>
  <ItemGroup>
    <ClInclude Include="pch.h">
      <Filter>头文件</Filter>
    </ClInclude>
    <ClInclude Include="resource.h">
      <Filter>头文件</Filter>
    </ClInclude>
    <ClInclude Include="zlib\zconf.h">
      <Filter>zlib</Filter>
    </ClInclude>
    <ClInclude Include="zlib\zlib.h">
      <Filter>zlib</Filter>
    </ClInclude>
    <ClInclude Include="libpng\png.h">
      <Filter>libpng</Filter>
    </ClInclude>
    <ClInclude Include="libpng\pngconf.h">
      <Filter>libpng</Filter>
    </ClInclude>
    <ClInclude Include="libpng\pnglibconf.h">
      <Filter>libpng</Filter>
    </ClInclude>
    <ClInclude Include="libjpeg\jconfig.h">
      <Filter>libjpeg</Filter>
    </ClInclude>
    <ClInclude Include="libjpeg\jmorecfg.h">
      <Filter>libjpeg</Filter>
    </ClInclude>
    <ClInclude Include="libjpeg\jpeglib.h">
      <Filter>libjpeg</Filter>
    </ClInclude>
    <ClInclude Include="Common\Canvas.h">
      <Filter>Common</Filter>
    </ClInclude>
    <ClInclude Include="Common\ImageMatrix.h">
      <Filter>Common</Filter>
    </ClInclude>
    <ClInclude Include="Common\Window.h">
      <Filter>Common</Filter>
    </ClInclude>
    <ClInclude Include="Common\ResourcePack.h">
      <Filter>Common</Filter>
    </ClInclude>
    <ClInclude Include="Snake\Snake.h">
      <Filter>Snake</Filter>
    </ClInclude>
  </ItemGroup>
  <ItemGroup>
    <ClCompile Include="pch.cpp">
      <Filter>源文件</Filter>
    </ClCompile>
    <ClCompile Include="Tools.cpp">
      <Filter>源文件</Filter>
    </ClCompile>
    <ClCompile Include="Common\GdiCanvas.cpp">
      <Filter>Common</Filter>
    </ClCompile>
    <ClCompile Include="Common\ImageMatrix.cpp">
      <Filter>Common</Filter>
    </ClCompile>
    <ClCompile Include="Common\PlatformIndependentCanvas.cpp">
      <Filter>Common</Filter>
    </ClCompile>
    <ClCompile Include="Common\Window.cpp">
      <Filter>Common</Filter>
    </ClCompile>
    <ClCompile Include="Common\ResourcePack.cpp">
      <Filter>Common</Filter>
    </ClCompile>
    <ClCompile Include="Snake\Snake.cpp">
      <Filter>Snake</Filter>
    </ClCompile>
  </ItemGroup>
  <ItemGroup>
    <ResourceCompile Include="Tools.rc">
      <Filter>资源文件</Filter>
    </ResourceCompile>
  </ItemGroup>
  <ItemGroup>
    <None Include="README.md" />
  </ItemGroup>
  <ItemGroup>
    <Image Include="small.ico">
      <Filter>资源文件</Filter>
    </Image>
    <Image Include="actinidia.png">
      <Filter>资源文件</Filter>
    </Image>
    <Image Include="Snake\food.png">
      <Filter>资源文件</Filter>
    </Image>
    <Image Include="Snake\HelloSnake.png">
      <Filter>资源文件</Filter>
    </Image>
    <Image Include="Snake\snake.ico">
      <Filter>资源文件</Filter>
    </Image>
  </ItemGroup>
</Project>